
Microsoft Visual Studio Solution File, Format Version 12.00
# Visual Studio 15
VisualStudioVersion = 15.0.28307.645
MinimumVisualStudioVersion = 10.0.40219.1
Project("{FAE04EC0-301F-11D3-BF4B-00C04F79EFBC}") = "DecimalsToWords", "DecimalsToWords\DecimalsToWords.csproj", "{B019E345-3E59-409D-97FC-CCC47C67AB88}"
EndProject
Global
	GlobalSection(SolutionConfigurationPlatforms) = preSolution
		Debug|Any CPU = Debug|Any CPU
		Release|Any CPU = Release|Any CPU
	EndGlobalSection
	GlobalSection(ProjectConfigurationPlatforms) = postSolution
		{B019E345-3E59-409D-97FC-CCC47C67AB88}.Debug|Any CPU.ActiveCfg = Debug|Any CPU
		{B019E345-3E59-409D-97FC-CCC47C67AB88}.Debug|Any CPU.Build.0 = Debug|Any CPU
		{B019E345-3E59-409D-97FC-CCC47C67AB88}.Release|Any CPU.ActiveCfg = Release|Any CPU
		{B019E345-3E59-409D-97FC-CCC47C67AB88}.Release|Any CPU.Build.0 = Release|Any CPU
	EndGlobalSection
	GlobalSection(SolutionProperties) = preSolution
		HideSolutionNode = FALSE
	EndGlobalSection
	GlobalSection(ExtensibilityGlobals) = postSolution
		SolutionGuid = {F4288B0A-FFB3-4F80-AD48-C0BDD20D8A9C}
	EndGlobalSection
EndGlobal
